
Microsoft Visual Studio Solution File, Format Version 12.00
# Visual Studio 2013
VisualStudioVersion = 12.0.31101.0
MinimumVisualStudioVersion = 10.0.40219.1
Project("{FAE04EC0-301F-11D3-BF4B-00C04F79EFBC}") = "Obvs.AzureServiceBus", "Obvs.AzureServiceBus\Obvs.AzureServiceBus.csproj", "{2C889E39-B633-4EC8-9BF0-4C98DB630B0A}"
EndProject
Project("{FAE04EC0-301F-11D3-BF4B-00C04F79EFBC}") = "Obvs.AzureServiceBus.Tests", "Obvs.AzureServiceBus.Tests\Obvs.AzureServiceBus.Tests.csproj", "{15275F11-AF1B-4787-8B6D-E52ABDB4C705}"
EndProject
Global
	GlobalSection(SolutionConfigurationPlatforms) = preSolution
		Debug|Any CPU = Debug|Any CPU
		Release|Any CPU = Release|Any CPU
	EndGlobalSection
	GlobalSection(ProjectConfigurationPlatforms) = postSolution
		{2C889E39-B633-4EC8-9BF0-4C98DB630B0A}.Debug|Any CPU.ActiveCfg = Debug|Any CPU
		{2C889E39-B633-4EC8-9BF0-4C98DB630B0A}.Debug|Any CPU.Build.0 = Debug|Any CPU
		{2C889E39-B633-4EC8-9BF0-4C98DB630B0A}.Release|Any CPU.ActiveCfg = Release|Any CPU
		{2C889E39-B633-4EC8-9BF0-4C98DB630B0A}.Release|Any CPU.Build.0 = Release|Any CPU
		{15275F11-AF1B-4787-8B6D-E52ABDB4C705}.Debug|Any CPU.ActiveCfg = Debug|Any CPU
		{15275F11-AF1B-4787-8B6D-E52ABDB4C705}.Debug|Any CPU.Build.0 = Debug|Any CPU
		{15275F11-AF1B-4787-8B6D-E52ABDB4C705}.Release|Any CPU.ActiveCfg = Release|Any CPU
		{15275F11-AF1B-4787-8B6D-E52ABDB4C705}.Release|Any CPU.Build.0 = Release|Any CPU
	EndGlobalSection
	GlobalSection(SolutionProperties) = preSolution
		HideSolutionNode = FALSE
	EndGlobalSection
EndGlobal
